
Microsoft Visual Studio Solution File, Format Version 12.00
# Visual Studio Version 17
VisualStudioVersion = 17.11.35327.3
MinimumVisualStudioVersion = 10.0.40219.1
Project("{FAE04EC0-301F-11D3-BF4B-00C04F79EFBC}") = "QRtoPDF", "QRtoPDF\QRtoPDF.csproj", "{2CFA9B74-96E5-4D26-ADEF-0194EDD83E7A}"
EndProject
Global
	GlobalSection(SolutionConfigurationPlatforms) = preSolution
		Debug|Any CPU = Debug|Any CPU
		Release|Any CPU = Release|Any CPU
	EndGlobalSection
	GlobalSection(ProjectConfigurationPlatforms) = postSolution
		{2CFA9B74-96E5-4D26-ADEF-0194EDD83E7A}.Debug|Any CPU.ActiveCfg = Debug|Any CPU
		{2CFA9B74-96E5-4D26-ADEF-0194EDD83E7A}.Debug|Any CPU.Build.0 = Debug|Any CPU
		{2CFA9B74-96E5-4D26-ADEF-0194EDD83E7A}.Release|Any CPU.ActiveCfg = Release|Any CPU
		{2CFA9B74-96E5-4D26-ADEF-0194EDD83E7A}.Release|Any CPU.Build.0 = Release|Any CPU
	EndGlobalSection
	GlobalSection(SolutionProperties) = preSolution
		HideSolutionNode = FALSE
	EndGlobalSection
	GlobalSection(ExtensibilityGlobals) = postSolution
		SolutionGuid = {744FC6D5-B785-4BBD-A7F6-2C82A475970F}
	EndGlobalSection
EndGlobal
